
Microsoft Visual Studio Solution File, Format Version 12.00
# Visual Studio Version 17
VisualStudioVersion = 17.14.36616.10 d17.14
MinimumVisualStudioVersion = 10.0.40219.1
Project("{FAE04EC0-301F-11D3-BF4B-00C04F79EFBC}") = "kgadi-ya-code-api", "kgadi-ya-code-api\kgadi-ya-code-api.csproj", "{F82A6F65-7CB5-46CA-A0DF-BF407C842BB8}"
EndProject
Global
	GlobalSection(SolutionConfigurationPlatforms) = preSolution
		Debug|Any CPU = Debug|Any CPU
		Release|Any CPU = Release|Any CPU
	EndGlobalSection
	GlobalSection(ProjectConfigurationPlatforms) = postSolution
		{F82A6F65-7CB5-46CA-A0DF-BF407C842BB8}.Debug|Any CPU.ActiveCfg = Debug|Any CPU
		{F82A6F65-7CB5-46CA-A0DF-BF407C842BB8}.Debug|Any CPU.Build.0 = Debug|Any CPU
		{F82A6F65-7CB5-46CA-A0DF-BF407C842BB8}.Release|Any CPU.ActiveCfg = Release|Any CPU
		{F82A6F65-7CB5-46CA-A0DF-BF407C842BB8}.Release|Any CPU.Build.0 = Release|Any CPU
	EndGlobalSection
	GlobalSection(SolutionProperties) = preSolution
		HideSolutionNode = FALSE
	EndGlobalSection
	GlobalSection(ExtensibilityGlobals) = postSolution
		SolutionGuid = {441238CF-D893-48F6-87A5-88ED1CB5DE17}
	EndGlobalSection
EndGlobal
